// !$*UTF8*$!
{
	archiveVersion = 1;
	classes = {
	};
	objectVersion = 50;
	objects = {

/* Begin PBXBuildFile section */
		15046B3A20B1A8B700760412 /* LoginViewController.swift in Sources */ = {isa = PBXBuildFile; fileRef = 15046B3920B1A8B700760412 /* LoginViewController.swift */; };
		15046B3C20B27DAC00760412 /* ServerPopupViewController.swift in Sources */ = {isa = PBXBuildFile; fileRef = 15046B3B20B27DAC00760412 /* ServerPopupViewController.swift */; };
		15046B3E20B27E1700760412 /* Config.swift in Sources */ = {isa = PBXBuildFile; fileRef = 15046B3D20B27E1700760412 /* Config.swift */; };
		15046B4120B293F500760412 /* JsonRPC.swift in Sources */ = {isa = PBXBuildFile; fileRef = 15046B4020B293F500760412 /* JsonRPC.swift */; };
		15046B4420B2C28200760412 /* JsonCodec.swift in Sources */ = {isa = PBXBuildFile; fileRef = 15046B4320B2C28200760412 /* JsonCodec.swift */; };
		15046B4620B2C7A400760412 /* RpcAPI.swift in Sources */ = {isa = PBXBuildFile; fileRef = 15046B4520B2C7A400760412 /* RpcAPI.swift */; };
		15046B4820B308B900760412 /* TxReceipt.swift in Sources */ = {isa = PBXBuildFile; fileRef = 15046B4720B308B900760412 /* TxReceipt.swift */; };
		15046B4A20B3BCF100760412 /* MainPresenter.swift in Sources */ = {isa = PBXBuildFile; fileRef = 15046B4920B3BCF100760412 /* MainPresenter.swift */; };
		15046B5020B3E88E00760412 /* ExtViewController.swift in Sources */ = {isa = PBXBuildFile; fileRef = 15046B4F20B3E88E00760412 /* ExtViewController.swift */; };
		15046B5220B3F2A000760412 /* ToastView.swift in Sources */ = {isa = PBXBuildFile; fileRef = 15046B5120B3F2A000760412 /* ToastView.swift */; };
		154FD0BB20AD5E7F00EE7BEA /* AppDelegate.swift in Sources */ = {isa = PBXBuildFile; fileRef = 154FD0BA20AD5E7F00EE7BEA /* AppDelegate.swift */; };
		154FD0BD20AD5E7F00EE7BEA /* ViewController.swift in Sources */ = {isa = PBXBuildFile; fileRef = 154FD0BC20AD5E7F00EE7BEA /* ViewController.swift */; };
		154FD0C020AD5E7F00EE7BEA /* Main.storyboard in Resources */ = {isa = PBXBuildFile; fileRef = 154FD0BE20AD5E7F00EE7BEA /* Main.storyboard */; };
		154FD0C220AD5E8100EE7BEA /* Assets.xcassets in Resources */ = {isa = PBXBuildFile; fileRef = 154FD0C120AD5E8100EE7BEA /* Assets.xcassets */; };
		154FD0CD20B162D300EE7BEA /* MainViewController.swift in Sources */ = {isa = PBXBuildFile; fileRef = 154FD0CC20B162D300EE7BEA /* MainViewController.swift */; };
		154FD0CF20B16A0A00EE7BEA /* CurrencyPopupViewController.swift in Sources */ = {isa = PBXBuildFile; fileRef = 154FD0CE20B16A0A00EE7BEA /* CurrencyPopupViewController.swift */; };
		F6962566307A42C3A1CFB5A1 /* Pods_CoinPocket.framework in Frameworks */ = {isa = PBXBuildFile; fileRef = E1F8D6879DCC46D465350013 /* Pods_CoinPocket.framework */; };
/* End PBXBuildFile section */

/* Begin PBXFileReference section */
		15046B3920B1A8B700760412 /* LoginViewController.swift */ = {isa = PBXFileReference; lastKnownFileType = sourcecode.swift; path = LoginViewController.swift; sourceTree = "<group>"; };
		15046B3B20B27DAC00760412 /* ServerPopupViewController.swift */ = {isa = PBXFileReference; lastKnownFileType = sourcecode.swift; path = ServerPopupViewController.swift; sourceTree = "<group>"; };
		15046B3D20B27E1700760412 /* Config.swift */ = {isa = PBXFileReference; lastKnownFileType = sourcecode.swift; path = Config.swift; sourceTree = "<group>"; };
		15046B4020B293F500760412 /* JsonRPC.swift */ = {isa = PBXFileReference; lastKnownFileType = sourcecode.swift; path = JsonRPC.swift; sourceTree = "<group>"; };
		15046B4320B2C28200760412 /* JsonCodec.swift */ = {isa = PBXFileReference; lastKnownFileType = sourcecode.swift; path = JsonCodec.swift; sourceTree = "<group>"; };
		15046B4520B2C7A400760412 /* RpcAPI.swift */ = {isa = PBXFileReference; lastKnownFileType = sourcecode.swift; path = RpcAPI.swift; sourceTree = "<group>"; };
		15046B4720B308B900760412 /* TxReceipt.swift */ = {isa = PBXFileReference; lastKnownFileType = sourcecode.swift; path = TxReceipt.swift; sourceTree = "<group>"; };
		15046B4920B3BCF100760412 /* MainPresenter.swift */ = {isa = PBXFileReference; lastKnownFileType = sourcecode.swift; path = MainPresenter.swift; sourceTree = "<group>"; };
		15046B4F20B3E88E00760412 /* ExtViewController.swift */ = {isa = PBXFileReference; lastKnownFileType = sourcecode.swift; path = ExtViewController.swift; sourceTree = "<group>"; };
		15046B5120B3F2A000760412 /* ToastView.swift */ = {isa = PBXFileReference; lastKnownFileType = sourcecode.swift; path = ToastView.swift; sourceTree = "<group>"; };
		154FD0B720AD5E7F00EE7BEA /* CoinPocket.app */ = {isa = PBXFileReference; explicitFileType = wrapper.application; includeInIndex = 0; path = CoinPocket.app; sourceTree = BUILT_PRODUCTS_DIR; };
		154FD0BA20AD5E7F00EE7BEA /* AppDelegate.swift */ = {isa = PBXFileReference; lastKnownFileType = sourcecode.swift; path = AppDelegate.swift; sourceTree = "<group>"; };
		154FD0BC20AD5E7F00EE7BEA /* ViewController.swift */ = {isa = PBXFileReference; lastKnownFileType = sourcecode.swift; path = ViewController.swift; sourceTree = "<group>"; };
		154FD0BF20AD5E7F00EE7BEA /* Base */ = {isa = PBXFileReference; lastKnownFileType = file.storyboard; name = Base; path = Base.lproj/Main.storyboard; sourceTree = "<group>"; };
		154FD0C120AD5E8100EE7BEA /* Assets.xcassets */ = {isa = PBXFileReference; lastKnownFileType = folder.assetcatalog; path = Assets.xcassets; sourceTree = "<group>"; };
		154FD0C620AD5E8100EE7BEA /* Info.plist */ = {isa = PBXFileReference; lastKnownFileType = text.plist.xml; path = Info.plist; sourceTree = "<group>"; };
		154FD0CC20B162D300EE7BEA /* MainViewController.swift */ = {isa = PBXFileReference; lastKnownFileType = sourcecode.swift; path = MainViewController.swift; sourceTree = "<group>"; };
		154FD0CE20B16A0A00EE7BEA /* CurrencyPopupViewController.swift */ = {isa = PBXFileReference; lastKnownFileType = sourcecode.swift; path = CurrencyPopupViewController.swift; sourceTree = "<group>"; };
		287FE69BA533CDE52B7ACC90 /* Pods-CoinPocket.release.xcconfig */ = {isa = PBXFileReference; includeInIndex = 1; lastKnownFileType = text.xcconfig; name = "Pods-CoinPocket.release.xcconfig"; path = "Pods/Target Support Files/Pods-CoinPocket/Pods-CoinPocket.release.xcconfig"; sourceTree = "<group>"; };
		A790728859C79640C6C15FF0 /* Pods-CoinPocket.debug.xcconfig */ = {isa = PBXFileReference; includeInIndex = 1; lastKnownFileType = text.xcconfig; name = "Pods-CoinPocket.debug.xcconfig"; path = "Pods/Target Support Files/Pods-CoinPocket/Pods-CoinPocket.debug.xcconfig"; sourceTree = "<group>"; };
		E1F8D6879DCC46D465350013 /* Pods_CoinPocket.framework */ = {isa = PBXFileReference; explicitFileType = wrapper.framework; includeInIndex = 0; path = Pods_CoinPocket.framework; sourceTree = BUILT_PRODUCTS_DIR; };
/* End PBXFileReference section */

/* Begin PBXFrameworksBuildPhase section */
		154FD0B420AD5E7F00EE7BEA /* Frameworks */ = {
			isa = PBXFrameworksBuildPhase;
			buildActionMask = 2147483647;
			files = (
				F6962566307A42C3A1CFB5A1 /* Pods_CoinPocket.framework in Frameworks */,
			);
			runOnlyForDeploymentPostprocessing = 0;
		};
/* End PBXFrameworksBuildPhase section */

/* Begin PBXGroup section */
		15046B3F20B293BD00760412 /* JsonRPC */ = {
			isa = PBXGroup;
			children = (
				15046B4020B293F500760412 /* JsonRPC.swift */,
				15046B4520B2C7A400760412 /* RpcAPI.swift */,
			);
			path = JsonRPC;
			sourceTree = "<group>";
		};
		15046B4220B2C22C00760412 /* extensions */ = {
			isa = PBXGroup;
			children = (
				15046B4320B2C28200760412 /* JsonCodec.swift */,
				15046B4F20B3E88E00760412 /* ExtViewController.swift */,
				15046B5120B3F2A000760412 /* ToastView.swift */,
			);
			path = extensions;
			sourceTree = "<group>";
		};
		154FD0AE20AD5E7F00EE7BEA = {
			isa = PBXGroup;
			children = (
				154FD0B920AD5E7F00EE7BEA /* CoinPocket */,
				154FD0B820AD5E7F00EE7BEA /* Products */,
				59EB53373BAC49C908EB6915 /* Pods */,
				948E8C97D4F23E976E9A019E /* Frameworks */,
			);
			sourceTree = "<group>";
		};
		154FD0B820AD5E7F00EE7BEA /* Products */ = {
			isa = PBXGroup;
			children = (
				154FD0B720AD5E7F00EE7BEA /* CoinPocket.app */,
			);
			name = Products;
			sourceTree = "<group>";
		};
		154FD0B920AD5E7F00EE7BEA /* CoinPocket */ = {
			isa = PBXGroup;
			children = (
				15046B4220B2C22C00760412 /* extensions */,
				15046B3F20B293BD00760412 /* JsonRPC */,
				154FD0BA20AD5E7F00EE7BEA /* AppDelegate.swift */,
				154FD0BC20AD5E7F00EE7BEA /* ViewController.swift */,
				154FD0BE20AD5E7F00EE7BEA /* Main.storyboard */,
				15046B4920B3BCF100760412 /* MainPresenter.swift */,
				154FD0C120AD5E8100EE7BEA /* Assets.xcassets */,
				154FD0C620AD5E8100EE7BEA /* Info.plist */,
				154FD0CC20B162D300EE7BEA /* MainViewController.swift */,
				154FD0CE20B16A0A00EE7BEA /* CurrencyPopupViewController.swift */,
				15046B3920B1A8B700760412 /* LoginViewController.swift */,
				15046B3B20B27DAC00760412 /* ServerPopupViewController.swift */,
				15046B3D20B27E1700760412 /* Config.swift */,
				15046B4720B308B900760412 /* TxReceipt.swift */,
			);
			path = CoinPocket;
			sourceTree = "<group>";
		};
		59EB53373BAC49C908EB6915 /* Pods */ = {
			isa = PBXGroup;
			children = (
				A790728859C79640C6C15FF0 /* Pods-CoinPocket.debug.xcconfig */,
				287FE69BA533CDE52B7ACC90 /* Pods-CoinPocket.release.xcconfig */,
			);
			name = Pods;
			sourceTree = "<group>";
		};
		948E8C97D4F23E976E9A019E /* Frameworks */ = {
			isa = PBXGroup;
			children = (
				E1F8D6879DCC46D465350013 /* Pods_CoinPocket.framework */,
			);
			name = Frameworks;
			sourceTree = "<group>";
		};
/* End PBXGroup section */

/* Begin PBXNativeTarget section */
		154FD0B620AD5E7F00EE7BEA /* CoinPocket */ = {
			isa = PBXNativeTarget;
			buildConfigurationList = 154FD0C920AD5E8100EE7BEA /* Build configuration list for PBXNativeTarget "CoinPocket" */;
			buildPhases = (
				17E60E4E3EFA612F3DD08189 /* [CP] Check Pods Manifest.lock */,
				154FD0B320AD5E7F00EE7BEA /* Sources */,
				154FD0B420AD5E7F00EE7BEA /* Frameworks */,
				154FD0B520AD5E7F00EE7BEA /* Resources */,
				8B00758FB1AA86E151D7EBDD /* [CP] Embed Pods Frameworks */,
			);
			buildRules = (
			);
			dependencies = (
			);
			name = CoinPocket;
			productName = CoinPocket;
			productReference = 154FD0B720AD5E7F00EE7BEA /* CoinPocket.app */;
			productType = "com.apple.product-type.application";
		};
/* End PBXNativeTarget section */

/* Begin PBXProject section */
		154FD0AF20AD5E7F00EE7BEA /* Project object */ = {
			isa = PBXProject;
			attributes = {
				LastSwiftUpdateCheck = 0930;
				LastUpgradeCheck = 0930;
				ORGANIZATIONNAME = JimLiu;
				TargetAttributes = {
					154FD0B620AD5E7F00EE7BEA = {
						CreatedOnToolsVersion = 9.3.1;
					};
				};
			};
			buildConfigurationList = 154FD0B220AD5E7F00EE7BEA /* Build configuration list for PBXProject "CoinPocket_" */;
			compatibilityVersion = "Xcode 9.3";
			developmentRegion = en;
			hasScannedForEncodings = 0;
			knownRegions = (
				en,
				Base,
			);
			mainGroup = 154FD0AE20AD5E7F00EE7BEA;
			productRefGroup = 154FD0B820AD5E7F00EE7BEA /* Products */;
			projectDirPath = "";
			projectRoot = "";
			targets = (
				154FD0B620AD5E7F00EE7BEA /* CoinPocket */,
			);
		};
/* End PBXProject section */

/* Begin PBXResourcesBuildPhase section */
		154FD0B520AD5E7F00EE7BEA /* Resources */ = {
			isa = PBXResourcesBuildPhase;
			buildActionMask = 2147483647;
			files = (
				154FD0C220AD5E8100EE7BEA /* Assets.xcassets in Resources */,
				154FD0C020AD5E7F00EE7BEA /* Main.storyboard in Resources */,
			);
			runOnlyForDeploymentPostprocessing = 0;
		};
/* End PBXResourcesBuildPhase section */

/* Begin PBXShellScriptBuildPhase section */
		17E60E4E3EFA612F3DD08189 /* [CP] Check Pods Manifest.lock */ = {
			isa = PBXShellScriptBuildPhase;
			buildActionMask = 2147483647;
			files = (
			);
			inputPaths = (
				"${PODS_PODFILE_DIR_PATH}/Podfile.lock",
				"${PODS_ROOT}/Manifest.lock",
			);
			name = "[CP] Check Pods Manifest.lock";
			outputPaths = (
				"$(DERIVED_FILE_DIR)/Pods-CoinPocket-checkManifestLockResult.txt",
			);
			runOnlyForDeploymentPostprocessing = 0;
			shellPath = /bin/sh;
			shellScript = "diff \"${PODS_PODFILE_DIR_PATH}/Podfile.lock\" \"${PODS_ROOT}/Manifest.lock\" > /dev/null\nif [ $? != 0 ] ; then\n    # print error to STDERR\n    echo \"error: The sandbox is not in sync with the Podfile.lock. Run 'pod install' or update your CocoaPods installation.\" >&2\n    exit 1\nfi\n# This output is used by Xcode 'outputs' to avoid re-running this script phase.\necho \"SUCCESS\" > \"${SCRIPT_OUTPUT_FILE_0}\"\n";
			showEnvVarsInLog = 0;
		};
		8B00758FB1AA86E151D7EBDD /* [CP] Embed Pods Frameworks */ = {
			isa = PBXShellScriptBuildPhase;
			buildActionMask = 2147483647;
			files = (
			);
			inputPaths = (
				"${SRCROOT}/Pods/Target Support Files/Pods-CoinPocket/Pods-CoinPocket-frameworks.sh",
				"${BUILT_PRODUCTS_DIR}/Socket.IO-Client-Swift/SocketIO.framework",
				"${BUILT_PRODUCTS_DIR}/Starscream/Starscream.framework",
			);
			name = "[CP] Embed Pods Frameworks";
			outputPaths = (
				"${TARGET_BUILD_DIR}/${FRAMEWORKS_FOLDER_PATH}/SocketIO.framework",
				"${TARGET_BUILD_DIR}/${FRAMEWORKS_FOLDER_PATH}/Starscream.framework",
			);
			runOnlyForDeploymentPostprocessing = 0;
			shellPath = /bin/sh;
			shellScript = "\"${SRCROOT}/Pods/Target Support Files/Pods-CoinPocket/Pods-CoinPocket-frameworks.sh\"\n";
			showEnvVarsInLog = 0;
		};
/* End PBXShellScriptBuildPhase section */

/* Begin PBXSourcesBuildPhase section */
		154FD0B320AD5E7F00EE7BEA /* Sources */ = {
			isa = PBXSourcesBuildPhase;
			buildActionMask = 2147483647;
			files = (
				154FD0CD20B162D300EE7BEA /* MainViewController.swift in Sources */,
				154FD0BD20AD5E7F00EE7BEA /* ViewController.swift in Sources */,
				15046B4620B2C7A400760412 /* RpcAPI.swift in Sources */,
				15046B3C20B27DAC00760412 /* ServerPopupViewController.swift in Sources */,
				15046B5020B3E88E00760412 /* ExtViewController.swift in Sources */,
				15046B4420B2C28200760412 /* JsonCodec.swift in Sources */,
				15046B3E20B27E1700760412 /* Config.swift in Sources */,
				15046B4820B308B900760412 /* TxReceipt.swift in Sources */,
				15046B5220B3F2A000760412 /* ToastView.swift in Sources */,
				15046B4A20B3BCF100760412 /* MainPresenter.swift in Sources */,
				154FD0CF20B16A0A00EE7BEA /* CurrencyPopupViewController.swift in Sources */,
				15046B3A20B1A8B700760412 /* LoginViewController.swift in Sources */,
				154FD0BB20AD5E7F00EE7BEA /* AppDelegate.swift in Sources */,
				15046B4120B293F500760412 /* JsonRPC.swift in Sources */,
			);
			runOnlyForDeploymentPostprocessing = 0;
		};
/* End PBXSourcesBuildPhase section */

/* Begin PBXVariantGroup section */
		154FD0BE20AD5E7F00EE7BEA /* Main.storyboard */ = {
			isa = PBXVariantGroup;
			children = (
				154FD0BF20AD5E7F00EE7BEA /* Base */,
			);
			name = Main.storyboard;
			sourceTree = "<group>";
		};
/* End PBXVariantGroup section */

/* Begin XCBuildConfiguration section */
		154FD0C720AD5E8100EE7BEA /* Debug */ = {
			isa = XCBuildConfiguration;
			buildSettings = {
				ALWAYS_SEARCH_USER_PATHS = NO;
				CLANG_ANALYZER_NONNULL = YES;
				CLANG_ANALYZER_NUMBER_OBJECT_CONVERSION = YES_AGGRESSIVE;
				CLANG_CXX_LANGUAGE_STANDARD = "gnu++14";
				CLANG_CXX_LIBRARY = "libc++";
				CLANG_ENABLE_MODULES = YES;
				CLANG_ENABLE_OBJC_ARC = YES;
				CLANG_ENABLE_OBJC_WEAK = YES;
				CLANG_WARN_BLOCK_CAPTURE_AUTORELEASING = YES;
				CLANG_WARN_BOOL_CONVERSION = YES;
				CLANG_WARN_COMMA = YES;
				CLANG_WARN_CONSTANT_CONVERSION = YES;
				CLANG_WARN_DEPRECATED_OBJC_IMPLEMENTATIONS = YES;
				CLANG_WARN_DIRECT_OBJC_ISA_USAGE = YES_ERROR;
				CLANG_WARN_DOCUMENTATION_COMMENTS = YES;
				CLANG_WARN_EMPTY_BODY = YES;
				CLANG_WARN_ENUM_CONVERSION = YES;
				CLANG_WARN_INFINITE_RECURSION = YES;
				CLANG_WARN_INT_CONVERSION = YES;
				CLANG_WARN_NON_LITERAL_NULL_CONVERSION = YES;
				CLANG_WARN_OBJC_IMPLICIT_RETAIN_SELF = YES;
				CLANG_WARN_OBJC_LITERAL_CONVERSION = YES;
				CLANG_WARN_OBJC_ROOT_CLASS = YES_ERROR;
				CLANG_WARN_RANGE_LOOP_ANALYSIS = YES;
				CLANG_WARN_STRICT_PROTOTYPES = YES;
				CLANG_WARN_SUSPICIOUS_MOVE = YES;
				CLANG_WARN_UNGUARDED_AVAILABILITY = YES_AGGRESSIVE;
				CLANG_WARN_UNREACHABLE_CODE = YES;
				CLANG_WARN__DUPLICATE_METHOD_MATCH = YES;
				CODE_SIGN_IDENTITY = "iPhone Developer";
				COPY_PHASE_STRIP = NO;
				DEBUG_INFORMATION_FORMAT = dwarf;
				ENABLE_STRICT_OBJC_MSGSEND = YES;
				ENABLE_TESTABILITY = YES;
				GCC_C_LANGUAGE_STANDARD = gnu11;
				GCC_DYNAMIC_NO_PIC = NO;
				GCC_NO_COMMON_BLOCKS = YES;
				GCC_OPTIMIZATION_LEVEL = 0;
				GCC_PREPROCESSOR_DEFINITIONS = (
					"DEBUG=1",
					"$(inherited)",
				);
				GCC_WARN_64_TO_32_BIT_CONVERSION = YES;
				GCC_WARN_ABOUT_RETURN_TYPE = YES_ERROR;
				GCC_WARN_UNDECLARED_SELECTOR = YES;
				GCC_WARN_UNINITIALIZED_AUTOS = YES_AGGRESSIVE;
				GCC_WARN_UNUSED_FUNCTION = YES;
				GCC_WARN_UNUSED_VARIABLE = YES;
				IPHONEOS_DEPLOYMENT_TARGET = 11.3;
				MTL_ENABLE_DEBUG_INFO = YES;
				ONLY_ACTIVE_ARCH = YES;
				SDKROOT = iphoneos;
				SWIFT_ACTIVE_COMPILATION_CONDITIONS = DEBUG;
				SWIFT_OPTIMIZATION_LEVEL = "-Onone";
			};
			name = Debug;
		};
		154FD0C820AD5E8100EE7BEA /* Release */ = {
			isa = XCBuildConfiguration;
			buildSettings = {
				ALWAYS_SEARCH_USER_PATHS = NO;
				CLANG_ANALYZER_NONNULL = YES;
				CLANG_ANALYZER_NUMBER_OBJECT_CONVERSION = YES_AGGRESSIVE;
				CLANG_CXX_LANGUAGE_STANDARD = "gnu++14";
				CLANG_CXX_LIBRARY = "libc++";
				CLANG_ENABLE_MODULES = YES;
				CLANG_ENABLE_OBJC_ARC = YES;
				CLANG_ENABLE_OBJC_WEAK = YES;
				CLANG_WARN_BLOCK_CAPTURE_AUTORELEASING = YES;
				CLANG_WARN_BOOL_CONVERSION = YES;
				CLANG_WARN_COMMA = YES;
				CLANG_WARN_CONSTANT_CONVERSION = YES;
				CLANG_WARN_DEPRECATED_OBJC_IMPLEMENTATIONS = YES;
				CLANG_WARN_DIRECT_OBJC_ISA_USAGE = YES_ERROR;
				CLANG_WARN_DOCUMENTATION_COMMENTS = YES;
				CLANG_WARN_EMPTY_BODY = YES;
				CLANG_WARN_ENUM_CONVERSION = YES;
				CLANG_WARN_INFINITE_RECURSION = YES;
				CLANG_WARN_INT_CONVERSION = YES;
				CLANG_WARN_NON_LITERAL_NULL_CONVERSION = YES;
				CLANG_WARN_OBJC_IMPLICIT_RETAIN_SELF = YES;
				CLANG_WARN_OBJC_LITERAL_CONVERSION = YES;
				CLANG_WARN_OBJC_ROOT_CLASS = YES_ERROR;
				CLANG_WARN_RANGE_LOOP_ANALYSIS = YES;
				CLANG_WARN_STRICT_PROTOTYPES = YES;
				CLANG_WARN_SUSPICIOUS_MOVE = YES;
				CLANG_WARN_UNGUARDED_AVAILABILITY = YES_AGGRESSIVE;
				CLANG_WARN_UNREACHABLE_CODE = YES;
				CLANG_WARN__DUPLICATE_METHOD_MATCH = YES;
				CODE_SIGN_IDENTITY = "iPhone Developer";
				COPY_PHASE_STRIP = NO;
				DEBUG_INFORMATION_FORMAT = "dwarf-with-dsym";
				ENABLE_NS_ASSERTIONS = NO;
				ENABLE_STRICT_OBJC_MSGSEND = YES;
				GCC_C_LANGUAGE_STANDARD = gnu11;
				GCC_NO_COMMON_BLOCKS = YES;
				GCC_WARN_64_TO_32_BIT_CONVERSION = YES;
				GCC_WARN_ABOUT_RETURN_TYPE = YES_ERROR;
				GCC_WARN_UNDECLARED_SELECTOR = YES;
				GCC_WARN_UNINITIALIZED_AUTOS = YES_AGGRESSIVE;
				GCC_WARN_UNUSED_FUNCTION = YES;
				GCC_WARN_UNUSED_VARIABLE = YES;
				IPHONEOS_DEPLOYMENT_TARGET = 11.3;
				MTL_ENABLE_DEBUG_INFO = NO;
				SDKROOT = iphoneos;
				SWIFT_COMPILATION_MODE = wholemodule;
				SWIFT_OPTIMIZATION_LEVEL = "-O";
				VALIDATE_PRODUCT = YES;
			};
			name = Release;
		};
		154FD0CA20AD5E8100EE7BEA /* Debug */ = {
			isa = XCBuildConfiguration;
			baseConfigurationReference = A790728859C79640C6C15FF0 /* Pods-CoinPocket.debug.xcconfig */;
			buildSettings = {
				ASSETCATALOG_COMPILER_APPICON_NAME = AppIcon;
				CODE_SIGN_STYLE = Automatic;
				DEVELOPMENT_TEAM = JUQCZJ7JBA;
				INFOPLIST_FILE = CoinPocket/Info.plist;
				LD_RUNPATH_SEARCH_PATHS = (
					"$(inherited)",
					"@executable_path/Frameworks",
				);
				PRODUCT_BUNDLE_IDENTIFIER = jimliuxyz.CoinPocket;
				PRODUCT_NAME = "$(TARGET_NAME)";
				SWIFT_VERSION = 4.0;
				TARGETED_DEVICE_FAMILY = "1,2";
			};
			name = Debug;
		};
		154FD0CB20AD5E8100EE7BEA /* Release */ = {
			isa = XCBuildConfiguration;
			baseConfigurationReference = 287FE69BA533CDE52B7ACC90 /* Pods-CoinPocket.release.xcconfig */;
			buildSettings = {
				ASSETCATALOG_COMPILER_APPICON_NAME = AppIcon;
				CODE_SIGN_STYLE = Automatic;
				DEVELOPMENT_TEAM = JUQCZJ7JBA;
				INFOPLIST_FILE = CoinPocket/Info.plist;
				LD_RUNPATH_SEARCH_PATHS = (
					"$(inherited)",
					"@executable_path/Frameworks",
				);
				PRODUCT_BUNDLE_IDENTIFIER = jimliuxyz.CoinPocket;
				PRODUCT_NAME = "$(TARGET_NAME)";
				SWIFT_VERSION = 4.0;
				TARGETED_DEVICE_FAMILY = "1,2";
			};
			name = Release;
		};
/* End XCBuildConfiguration section */

/* Begin XCConfigurationList section */
		154FD0B220AD5E7F00EE7BEA /* Build configuration list for PBXProject "CoinPocket_" */ = {
			isa = XCConfigurationList;
			buildConfigurations = (
				154FD0C720AD5E8100EE7BEA /* Debug */,
				154FD0C820AD5E8100EE7BEA /* Release */,
			);
			defaultConfigurationIsVisible = 0;
			defaultConfigurationName = Release;
		};
		154FD0C920AD5E8100EE7BEA /* Build configuration list for PBXNativeTarget "CoinPocket" */ = {
			isa = XCConfigurationList;
			buildConfigurations = (
				154FD0CA20AD5E8100EE7BEA /* Debug */,
				154FD0CB20AD5E8100EE7BEA /* Release */,
			);
			defaultConfigurationIsVisible = 0;
			defaultConfigurationName = Release;
		};
/* End XCConfigurationList section */
	};
	rootObject = 154FD0AF20AD5E7F00EE7BEA /* Project object */;
}
